// !$*UTF8*$!
{
	archiveVersion = 1;
	classes = {
	};
	objectVersion = 50;
	objects = {

/* Begin PBXBuildFile section */
		69B4BA962451AEBB0028450C /* AppDelegate.swift in Sources */ = {isa = PBXBuildFile; fileRef = 69B4BA952451AEBB0028450C /* AppDelegate.swift */; };
		69B4BA982451AEBB0028450C /* SceneDelegate.swift in Sources */ = {isa = PBXBuildFile; fileRef = 69B4BA972451AEBB0028450C /* SceneDelegate.swift */; };
		69B4BA9A2451AEBB0028450C /* ContentView.swift in Sources */ = {isa = PBXBuildFile; fileRef = 69B4BA992451AEBB0028450C /* ContentView.swift */; };
		69B4BA9C2451AEBE0028450C /* Assets.xcassets in Resources */ = {isa = PBXBuildFile; fileRef = 69B4BA9B2451AEBE0028450C /* Assets.xcassets */; };
		69B4BA9F2451AEBE0028450C /* Preview Assets.xcassets in Resources */ = {isa = PBXBuildFile; fileRef = 69B4BA9E2451AEBE0028450C /* Preview Assets.xcassets */; };
		69B4BAA22451AEBE0028450C /* LaunchScreen.storyboard in Resources */ = {isa = PBXBuildFile; fileRef = 69B4BAA02451AEBE0028450C /* LaunchScreen.storyboard */; };
		69B4BAAA2451AEE50028450C /* NoticeView.swift in Sources */ = {isa = PBXBuildFile; fileRef = 69B4BAA92451AEE50028450C /* NoticeView.swift */; };
		69B4BAAC2451AF340028450C /* NoticeViewModel.swift in Sources */ = {isa = PBXBuildFile; fileRef = 69B4BAAB2451AF340028450C /* NoticeViewModel.swift */; };
		69B4BAAE2451AFCE0028450C /* ScheduleWrapper.swift in Sources */ = {isa = PBXBuildFile; fileRef = 69B4BAAD2451AFCE0028450C /* ScheduleWrapper.swift */; };
		69B4BAB02451AFEF0028450C /* DummyDecodable.swift in Sources */ = {isa = PBXBuildFile; fileRef = 69B4BAAF2451AFEF0028450C /* DummyDecodable.swift */; };
		69B4BAB22451B0170028450C /* Schedule.swift in Sources */ = {isa = PBXBuildFile; fileRef = 69B4BAB12451B0170028450C /* Schedule.swift */; };
		69B4BAB42451B0330028450C /* Event.swift in Sources */ = {isa = PBXBuildFile; fileRef = 69B4BAB32451B0330028450C /* Event.swift */; };
/* End PBXBuildFile section */

/* Begin PBXFileReference section */
		69B4BA922451AEBB0028450C /* SchoolNewsLetter.app */ = {isa = PBXFileReference; explicitFileType = wrapper.application; includeInIndex = 0; path = SchoolNewsLetter.app; sourceTree = BUILT_PRODUCTS_DIR; };
		69B4BA952451AEBB0028450C /* AppDelegate.swift */ = {isa = PBXFileReference; lastKnownFileType = sourcecode.swift; path = AppDelegate.swift; sourceTree = "<group>"; };
		69B4BA972451AEBB0028450C /* SceneDelegate.swift */ = {isa = PBXFileReference; lastKnownFileType = sourcecode.swift; path = SceneDelegate.swift; sourceTree = "<group>"; };
		69B4BA992451AEBB0028450C /* ContentView.swift */ = {isa = PBXFileReference; lastKnownFileType = sourcecode.swift; path = ContentView.swift; sourceTree = "<group>"; };
		69B4BA9B2451AEBE0028450C /* Assets.xcassets */ = {isa = PBXFileReference; lastKnownFileType = folder.assetcatalog; path = Assets.xcassets; sourceTree = "<group>"; };
		69B4BA9E2451AEBE0028450C /* Preview Assets.xcassets */ = {isa = PBXFileReference; lastKnownFileType = folder.assetcatalog; path = "Preview Assets.xcassets"; sourceTree = "<group>"; };
		69B4BAA12451AEBE0028450C /* Base */ = {isa = PBXFileReference; lastKnownFileType = file.storyboard; name = Base; path = Base.lproj/LaunchScreen.storyboard; sourceTree = "<group>"; };
		69B4BAA32451AEBE0028450C /* Info.plist */ = {isa = PBXFileReference; lastKnownFileType = text.plist.xml; path = Info.plist; sourceTree = "<group>"; };
		69B4BAA92451AEE50028450C /* NoticeView.swift */ = {isa = PBXFileReference; lastKnownFileType = sourcecode.swift; path = NoticeView.swift; sourceTree = "<group>"; };
		69B4BAAB2451AF340028450C /* NoticeViewModel.swift */ = {isa = PBXFileReference; lastKnownFileType = sourcecode.swift; path = NoticeViewModel.swift; sourceTree = "<group>"; };
		69B4BAAD2451AFCE0028450C /* ScheduleWrapper.swift */ = {isa = PBXFileReference; lastKnownFileType = sourcecode.swift; path = ScheduleWrapper.swift; sourceTree = "<group>"; };
		69B4BAAF2451AFEF0028450C /* DummyDecodable.swift */ = {isa = PBXFileReference; lastKnownFileType = sourcecode.swift; path = DummyDecodable.swift; sourceTree = "<group>"; };
		69B4BAB12451B0170028450C /* Schedule.swift */ = {isa = PBXFileReference; lastKnownFileType = sourcecode.swift; path = Schedule.swift; sourceTree = "<group>"; };
		69B4BAB32451B0330028450C /* Event.swift */ = {isa = PBXFileReference; lastKnownFileType = sourcecode.swift; path = Event.swift; sourceTree = "<group>"; };
/* End PBXFileReference section */

/* Begin PBXFrameworksBuildPhase section */
		69B4BA8F2451AEBB0028450C /* Frameworks */ = {
			isa = PBXFrameworksBuildPhase;
			buildActionMask = 2147483647;
			files = (
			);
			runOnlyForDeploymentPostprocessing = 0;
		};
/* End PBXFrameworksBuildPhase section */

/* Begin PBXGroup section */
		69B4BA892451AEBB0028450C = {
			isa = PBXGroup;
			children = (
				69B4BA942451AEBB0028450C /* SchoolNewsLetter */,
			);
			sourceTree = "<group>";
		};
		69B4BA932451AEBB0028450C /* Products */ = {
			isa = PBXGroup;
			children = (
				69B4BA922451AEBB0028450C /* SchoolNewsLetter.app */,
			);
			name = Products;
			path = ..;
			sourceTree = "<group>";
		};
		69B4BA942451AEBB0028450C /* SchoolNewsLetter */ = {
			isa = PBXGroup;
			children = (
				69B4BAA32451AEBE0028450C /* Info.plist */,
				69B4BAB52451B0C20028450C /* Models */,
				69B4BAB62451B0F30028450C /* Application */,
				69B4BAB92451B1500028450C /* Resources */,
				69B4BA932451AEBB0028450C /* Products */,
				69B4BA9D2451AEBE0028450C /* Preview Content */,
			);
			path = SchoolNewsLetter;
			sourceTree = "<group>";
		};
		69B4BA9D2451AEBE0028450C /* Preview Content */ = {
			isa = PBXGroup;
			children = (
				69B4BA9E2451AEBE0028450C /* Preview Assets.xcassets */,
			);
			path = "Preview Content";
			sourceTree = "<group>";
		};
		69B4BAB52451B0C20028450C /* Models */ = {
			isa = PBXGroup;
			children = (
				69B4BAAF2451AFEF0028450C /* DummyDecodable.swift */,
				69B4BAB32451B0330028450C /* Event.swift */,
				69B4BAB12451B0170028450C /* Schedule.swift */,
				69B4BAAD2451AFCE0028450C /* ScheduleWrapper.swift */,
			);
			path = Models;
			sourceTree = "<group>";
		};
		69B4BAB62451B0F30028450C /* Application */ = {
			isa = PBXGroup;
			children = (
				69B4BAB72451B10F0028450C /* Main */,
				69B4BAB82451B1230028450C /* NoticeView */,
			);
			path = Application;
			sourceTree = "<group>";
		};
		69B4BAB72451B10F0028450C /* Main */ = {
			isa = PBXGroup;
			children = (
				69B4BA952451AEBB0028450C /* AppDelegate.swift */,
				69B4BA992451AEBB0028450C /* ContentView.swift */,
				69B4BA972451AEBB0028450C /* SceneDelegate.swift */,
			);
			path = Main;
			sourceTree = "<group>";
		};
		69B4BAB82451B1230028450C /* NoticeView */ = {
			isa = PBXGroup;
			children = (
				69B4BAA92451AEE50028450C /* NoticeView.swift */,
				69B4BAAB2451AF340028450C /* NoticeViewModel.swift */,
			);
			path = NoticeView;
			sourceTree = "<group>";
		};
		69B4BAB92451B1500028450C /* Resources */ = {
			isa = PBXGroup;
			children = (
				69B4BA9B2451AEBE0028450C /* Assets.xcassets */,
				69B4BAA02451AEBE0028450C /* LaunchScreen.storyboard */,
			);
			path = Resources;
			sourceTree = "<group>";
		};
/* End PBXGroup section */

/* Begin PBXNativeTarget section */
		69B4BA912451AEBB0028450C /* SchoolNewsLetter */ = {
			isa = PBXNativeTarget;
			buildConfigurationList = 69B4BAA62451AEBE0028450C /* Build configuration list for PBXNativeTarget "SchoolNewsLetter" */;
			buildPhases = (
				69B4BA8E2451AEBB0028450C /* Sources */,
				69B4BA8F2451AEBB0028450C /* Frameworks */,
				69B4BA902451AEBB0028450C /* Resources */,
			);
			buildRules = (
			);
			dependencies = (
			);
			name = SchoolNewsLetter;
			productName = SchoolNewsLetter;
			productReference = 69B4BA922451AEBB0028450C /* SchoolNewsLetter.app */;
			productType = "com.apple.product-type.application";
		};
/* End PBXNativeTarget section */

/* Begin PBXProject section */
		69B4BA8A2451AEBB0028450C /* Project object */ = {
			isa = PBXProject;
			attributes = {
				LastSwiftUpdateCheck = 1140;
				LastUpgradeCheck = 1140;
				ORGANIZATIONNAME = "Jay Lee";
				TargetAttributes = {
					69B4BA912451AEBB0028450C = {
						CreatedOnToolsVersion = 11.4.1;
					};
				};
			};
			buildConfigurationList = 69B4BA8D2451AEBB0028450C /* Build configuration list for PBXProject "SchoolNewsLetter" */;
			compatibilityVersion = "Xcode 9.3";
			developmentRegion = en;
			hasScannedForEncodings = 0;
			knownRegions = (
				en,
				Base,
			);
			mainGroup = 69B4BA892451AEBB0028450C;
			productRefGroup = 69B4BA932451AEBB0028450C /* Products */;
			projectDirPath = "";
			projectRoot = "";
			targets = (
				69B4BA912451AEBB0028450C /* SchoolNewsLetter */,
			);
		};
/* End PBXProject section */

/* Begin PBXResourcesBuildPhase section */
		69B4BA902451AEBB0028450C /* Resources */ = {
			isa = PBXResourcesBuildPhase;
			buildActionMask = 2147483647;
			files = (
				69B4BAA22451AEBE0028450C /* LaunchScreen.storyboard in Resources */,
				69B4BA9F2451AEBE0028450C /* Preview Assets.xcassets in Resources */,
				69B4BA9C2451AEBE0028450C /* Assets.xcassets in Resources */,
			);
			runOnlyForDeploymentPostprocessing = 0;
		};
/* End PBXResourcesBuildPhase section */

/* Begin PBXSourcesBuildPhase section */
		69B4BA8E2451AEBB0028450C /* Sources */ = {
			isa = PBXSourcesBuildPhase;
			buildActionMask = 2147483647;
			files = (
				69B4BAAC2451AF340028450C /* NoticeViewModel.swift in Sources */,
				69B4BAB42451B0330028450C /* Event.swift in Sources */,
				69B4BAAA2451AEE50028450C /* NoticeView.swift in Sources */,
				69B4BA962451AEBB0028450C /* AppDelegate.swift in Sources */,
				69B4BA982451AEBB0028450C /* SceneDelegate.swift in Sources */,
				69B4BAAE2451AFCE0028450C /* ScheduleWrapper.swift in Sources */,
				69B4BAB02451AFEF0028450C /* DummyDecodable.swift in Sources */,
				69B4BAB22451B0170028450C /* Schedule.swift in Sources */,
				69B4BA9A2451AEBB0028450C /* ContentView.swift in Sources */,
			);
			runOnlyForDeploymentPostprocessing = 0;
		};
/* End PBXSourcesBuildPhase section */

/* Begin PBXVariantGroup section */
		69B4BAA02451AEBE0028450C /* LaunchScreen.storyboard */ = {
			isa = PBXVariantGroup;
			children = (
				69B4BAA12451AEBE0028450C /* Base */,
			);
			name = LaunchScreen.storyboard;
			sourceTree = "<group>";
		};
/* End PBXVariantGroup section */

/* Begin XCBuildConfiguration section */
		69B4BAA42451AEBE0028450C /* Debug */ = {
			isa = XCBuildConfiguration;
			buildSettings = {
				ALWAYS_SEARCH_USER_PATHS = NO;
				CLANG_ANALYZER_NONNULL = YES;
				CLANG_ANALYZER_NUMBER_OBJECT_CONVERSION = YES_AGGRESSIVE;
				CLANG_CXX_LANGUAGE_STANDARD = "gnu++14";
				CLANG_CXX_LIBRARY = "libc++";
				CLANG_ENABLE_MODULES = YES;
				CLANG_ENABLE_OBJC_ARC = YES;
				CLANG_ENABLE_OBJC_WEAK = YES;
				CLANG_WARN_BLOCK_CAPTURE_AUTORELEASING = YES;
				CLANG_WARN_BOOL_CONVERSION = YES;
				CLANG_WARN_COMMA = YES;
				CLANG_WARN_CONSTANT_CONVERSION = YES;
				CLANG_WARN_DEPRECATED_OBJC_IMPLEMENTATIONS = YES;
				CLANG_WARN_DIRECT_OBJC_ISA_USAGE = YES_ERROR;
				CLANG_WARN_DOCUMENTATION_COMMENTS = YES;
				CLANG_WARN_EMPTY_BODY = YES;
				CLANG_WARN_ENUM_CONVERSION = YES;
				CLANG_WARN_INFINITE_RECURSION = YES;
				CLANG_WARN_INT_CONVERSION = YES;
				CLANG_WARN_NON_LITERAL_NULL_CONVERSION = YES;
				CLANG_WARN_OBJC_IMPLICIT_RETAIN_SELF = YES;
				CLANG_WARN_OBJC_LITERAL_CONVERSION = YES;
				CLANG_WARN_OBJC_ROOT_CLASS = YES_ERROR;
				CLANG_WARN_RANGE_LOOP_ANALYSIS = YES;
				CLANG_WARN_STRICT_PROTOTYPES = YES;
				CLANG_WARN_SUSPICIOUS_MOVE = YES;
				CLANG_WARN_UNGUARDED_AVAILABILITY = YES_AGGRESSIVE;
				CLANG_WARN_UNREACHABLE_CODE = YES;
				CLANG_WARN__DUPLICATE_METHOD_MATCH = YES;
				COPY_PHASE_STRIP = NO;
				DEBUG_INFORMATION_FORMAT = dwarf;
				ENABLE_STRICT_OBJC_MSGSEND = YES;
				ENABLE_TESTABILITY = YES;
				GCC_C_LANGUAGE_STANDARD = gnu11;
				GCC_DYNAMIC_NO_PIC = NO;
				GCC_NO_COMMON_BLOCKS = YES;
				GCC_OPTIMIZATION_LEVEL = 0;
				GCC_PREPROCESSOR_DEFINITIONS = (
					"DEBUG=1",
					"$(inherited)",
				);
				GCC_WARN_64_TO_32_BIT_CONVERSION = YES;
				GCC_WARN_ABOUT_RETURN_TYPE = YES_ERROR;
				GCC_WARN_UNDECLARED_SELECTOR = YES;
				GCC_WARN_UNINITIALIZED_AUTOS = YES_AGGRESSIVE;
				GCC_WARN_UNUSED_FUNCTION = YES;
				GCC_WARN_UNUSED_VARIABLE = YES;
				IPHONEOS_DEPLOYMENT_TARGET = 13.4;
				MTL_ENABLE_DEBUG_INFO = INCLUDE_SOURCE;
				MTL_FAST_MATH = YES;
				ONLY_ACTIVE_ARCH = YES;
				SDKROOT = iphoneos;
				SWIFT_ACTIVE_COMPILATION_CONDITIONS = DEBUG;
				SWIFT_OPTIMIZATION_LEVEL = "-Onone";
			};
			name = Debug;
		};
		69B4BAA52451AEBE0028450C /* Release */ = {
			isa = XCBuildConfiguration;
			buildSettings = {
				ALWAYS_SEARCH_USER_PATHS = NO;
				CLANG_ANALYZER_NONNULL = YES;
				CLANG_ANALYZER_NUMBER_OBJECT_CONVERSION = YES_AGGRESSIVE;
				CLANG_CXX_LANGUAGE_STANDARD = "gnu++14";
				CLANG_CXX_LIBRARY = "libc++";
				CLANG_ENABLE_MODULES = YES;
				CLANG_ENABLE_OBJC_ARC = YES;
				CLANG_ENABLE_OBJC_WEAK = YES;
				CLANG_WARN_BLOCK_CAPTURE_AUTORELEASING = YES;
				CLANG_WARN_BOOL_CONVERSION = YES;
				CLANG_WARN_COMMA = YES;
				CLANG_WARN_CONSTANT_CONVERSION = YES;
				CLANG_WARN_DEPRECATED_OBJC_IMPLEMENTATIONS = YES;
				CLANG_WARN_DIRECT_OBJC_ISA_USAGE = YES_ERROR;
				CLANG_WARN_DOCUMENTATION_COMMENTS = YES;
				CLANG_WARN_EMPTY_BODY = YES;
				CLANG_WARN_ENUM_CONVERSION = YES;
				CLANG_WARN_INFINITE_RECURSION = YES;
				CLANG_WARN_INT_CONVERSION = YES;
				CLANG_WARN_NON_LITERAL_NULL_CONVERSION = YES;
				CLANG_WARN_OBJC_IMPLICIT_RETAIN_SELF = YES;
				CLANG_WARN_OBJC_LITERAL_CONVERSION = YES;
				CLANG_WARN_OBJC_ROOT_CLASS = YES_ERROR;
				CLANG_WARN_RANGE_LOOP_ANALYSIS = YES;
				CLANG_WARN_STRICT_PROTOTYPES = YES;
				CLANG_WARN_SUSPICIOUS_MOVE = YES;
				CLANG_WARN_UNGUARDED_AVAILABILITY = YES_AGGRESSIVE;
				CLANG_WARN_UNREACHABLE_CODE = YES;
				CLANG_WARN__DUPLICATE_METHOD_MATCH = YES;
				COPY_PHASE_STRIP = NO;
				DEBUG_INFORMATION_FORMAT = "dwarf-with-dsym";
				ENABLE_NS_ASSERTIONS = NO;
				ENABLE_STRICT_OBJC_MSGSEND = YES;
				GCC_C_LANGUAGE_STANDARD = gnu11;
				GCC_NO_COMMON_BLOCKS = YES;
				GCC_WARN_64_TO_32_BIT_CONVERSION = YES;
				GCC_WARN_ABOUT_RETURN_TYPE = YES_ERROR;
				GCC_WARN_UNDECLARED_SELECTOR = YES;
				GCC_WARN_UNINITIALIZED_AUTOS = YES_AGGRESSIVE;
				GCC_WARN_UNUSED_FUNCTION = YES;
				GCC_WARN_UNUSED_VARIABLE = YES;
				IPHONEOS_DEPLOYMENT_TARGET = 13.4;
				MTL_ENABLE_DEBUG_INFO = NO;
				MTL_FAST_MATH = YES;
				SDKROOT = iphoneos;
				SWIFT_COMPILATION_MODE = wholemodule;
				SWIFT_OPTIMIZATION_LEVEL = "-O";
				VALIDATE_PRODUCT = YES;
			};
			name = Release;
		};
		69B4BAA72451AEBE0028450C /* Debug */ = {
			isa = XCBuildConfiguration;
			buildSettings = {
				ASSETCATALOG_COMPILER_APPICON_NAME = AppIcon;
				CODE_SIGN_STYLE = Automatic;
				DEVELOPMENT_ASSET_PATHS = "\"SchoolNewsLetter/Preview Content\"";
				DEVELOPMENT_TEAM = EBL648DP7E;
				ENABLE_PREVIEWS = YES;
				INFOPLIST_FILE = SchoolNewsLetter/Info.plist;
				LD_RUNPATH_SEARCH_PATHS = (
					"$(inherited)",
					"@executable_path/Frameworks",
				);
				PRODUCT_BUNDLE_IDENTIFIER = ml.zetablog.SchoolNewsLetter;
				PRODUCT_NAME = "$(TARGET_NAME)";
				SWIFT_VERSION = 5.0;
				TARGETED_DEVICE_FAMILY = "1,2";
			};
			name = Debug;
		};
		69B4BAA82451AEBE0028450C /* Release */ = {
			isa = XCBuildConfiguration;
			buildSettings = {
				ASSETCATALOG_COMPILER_APPICON_NAME = AppIcon;
				CODE_SIGN_STYLE = Automatic;
				DEVELOPMENT_ASSET_PATHS = "\"SchoolNewsLetter/Preview Content\"";
				DEVELOPMENT_TEAM = EBL648DP7E;
				ENABLE_PREVIEWS = YES;
				INFOPLIST_FILE = SchoolNewsLetter/Info.plist;
				LD_RUNPATH_SEARCH_PATHS = (
					"$(inherited)",
					"@executable_path/Frameworks",
				);
				PRODUCT_BUNDLE_IDENTIFIER = ml.zetablog.SchoolNewsLetter;
				PRODUCT_NAME = "$(TARGET_NAME)";
				SWIFT_VERSION = 5.0;
				TARGETED_DEVICE_FAMILY = "1,2";
			};
			name = Release;
		};
/* End XCBuildConfiguration section */

/* Begin XCConfigurationList section */
		69B4BA8D2451AEBB0028450C /* Build configuration list for PBXProject "SchoolNewsLetter" */ = {
			isa = XCConfigurationList;
			buildConfigurations = (
				69B4BAA42451AEBE0028450C /* Debug */,
				69B4BAA52451AEBE0028450C /* Release */,
			);
			defaultConfigurationIsVisible = 0;
			defaultConfigurationName = Release;
		};
		69B4BAA62451AEBE0028450C /* Build configuration list for PBXNativeTarget "SchoolNewsLetter" */ = {
			isa = XCConfigurationList;
			buildConfigurations = (
				69B4BAA72451AEBE0028450C /* Debug */,
				69B4BAA82451AEBE0028450C /* Release */,
			);
			defaultConfigurationIsVisible = 0;
			defaultConfigurationName = Release;
		};
/* End XCConfigurationList section */
	};
	rootObject = 69B4BA8A2451AEBB0028450C /* Project object */;
}
